{
  "name": "sequel-bun",
  "version": "1.0.0",
  "lockfileVersion": 1,
  "requires": true,
  "dependencies": {
    "@types/bluebird": {
      "version": "3.5.32",
      "resolved": "https://registry.npmjs.org/@types/bluebird/-/bluebird-3.5.32.tgz",
      "integrity": "sha512-dIOxFfI0C+jz89g6lQ+TqhGgPQ0MxSnh/E4xuC0blhFtyW269+mPG5QeLgbdwst/LvdP8o1y0o/Gz5EHXLec/g=="
    },
    "@types/mysql": {
      "version": "2.15.13",
      "resolved": "https://registry.npmjs.org/@types/mysql/-/mysql-2.15.13.tgz",
      "integrity": "sha512-9hlUjghm0EeLndks56bH6NDcA52ozGcLXr8etlJVuoYXHa2M+neR2XpGekrulln5LsZg8ZRp8/Z0qKGb9Mpjbw==",
      "requires": {
        "@types/node": "*"
      }
    },
    "@types/node": {
      "version": "7.0.32",
      "resolved": "https://registry.npmjs.org/@types/node/-/node-7.0.32.tgz",
      "integrity": "sha512-7+0Ai8r8Xt6NNVM0Eo+XSqiZsBUYXg2yrCwyBhQzSfFHTGQWzFv/pk9106vPR8HWjKmGK+zzUj244POs4xfO2g=="
    },
    "axios": {
      "version": "0.16.2",
      "resolved": "https://registry.npmjs.org/axios/-/axios-0.16.2.tgz",
      "integrity": "sha1-uk+S8XFn37q0CYN4VFS5rBScPG0="
    },
    "babel-core": {
      "version": "6.25.0",
      "resolved": "https://registry.npmjs.org/babel-core/-/babel-core-6.25.0.tgz",
      "integrity": "sha1-fdQrBGPHQunVKW3rPsZ6kyLa1yk=",
      "dev": true
    },
    "babel-eslint": {
      "version": "7.2.3",
      "resolved": "https://registry.npmjs.org/babel-eslint/-/babel-eslint-7.2.3.tgz",
      "integrity": "sha1-sv4tgBJkcPXBlELcdXJTqJdxCCc=",
      "dev": true
    },
    "babel-loader": {
      "version": "7.1.0",
      "resolved": "https://registry.npmjs.org/babel-loader/-/babel-loader-7.1.0.tgz",
      "integrity": "sha1-P78lgfCFd0vZZC3KmZDm1sFJEUQ=",
      "dev": true
    },
    "babel-plugin-transform-runtime": {
      "version": "6.23.0",
      "resolved": "https://registry.npmjs.org/babel-plugin-transform-runtime/-/babel-plugin-transform-runtime-6.23.0.tgz",
      "integrity": "sha1-iEkNRGUC6puOfvsP4J7E2ZR5se4=",
      "dev": true
    },
    "babel-preset-env": {
      "version": "1.5.2",
      "resolved": "https://registry.npmjs.org/babel-preset-env/-/babel-preset-env-1.5.2.tgz",
      "integrity": "sha1-zUrpCm6Utwn5c3SzPl+LmDVWre8=",
      "dev": true
    },
    "babel-preset-stage-0": {
      "version": "6.24.1",
      "resolved": "https://registry.npmjs.org/babel-preset-stage-0/-/babel-preset-stage-0-6.24.1.tgz",
      "integrity": "sha1-VkLRUEL5E4TX5a+LyIsduVsDnmo=",
      "dev": true
    },
    "babel-register": {
      "version": "6.24.1",
      "resolved": "https://registry.npmjs.org/babel-register/-/babel-register-6.24.1.tgz",
      "integrity": "sha1-fhDhOi9xBlvfrVoXh7pFvKbe118=",
      "dev": true
    },
    "babili-webpack-plugin": {
      "version": "0.1.1",
      "resolved": "https://registry.npmjs.org/babili-webpack-plugin/-/babili-webpack-plugin-0.1.1.tgz",
      "integrity": "sha1-Jerpx5wDuS8rwSyCzvfguGbYO/s=",
      "dev": true
    },
    "bignumber.js": {
      "version": "9.0.0",
      "resolved": "https://registry.npmjs.org/bignumber.js/-/bignumber.js-9.0.0.tgz",
      "integrity": "sha512-t/OYhhJ2SD+YGBQcjY8GzzDHEk9f3nerxjtfa6tlMXfe7frs/WozhvCNoGvpM0P3bNf3Gq5ZRMlGr5f3r4/N8A=="
    },
    "bulma": {
      "version": "0.5.3",
      "resolved": "https://registry.npmjs.org/bulma/-/bulma-0.5.3.tgz",
      "integrity": "sha1-vpOvtiRhklBcMN8/nBwpqX0xmhM="
    },
    "cfonts": {
      "version": "1.1.3",
      "resolved": "https://registry.npmjs.org/cfonts/-/cfonts-1.1.3.tgz",
      "integrity": "sha1-XZp6a/GgI/wtU12nJk6pDs2dv0g=",
      "dev": true,
      "dependencies": {
        "ansi-regex": {
          "version": "1.1.1",
          "resolved": "https://registry.npmjs.org/ansi-regex/-/ansi-regex-1.1.1.tgz",
          "integrity": "sha1-QchHGUZGN15qGl0Qw8oFTvn8mA0="
        },
        "babel-runtime": {
          "version": "6.22.0",
          "resolved": "https://registry.npmjs.org/babel-runtime/-/babel-runtime-6.22.0.tgz",
          "integrity": "sha1-HPi0rGfHek3bDbKuH3TeUqxMphE="
        },
        "chalk": {
          "version": "1.0.0",
          "resolved": "https://registry.npmjs.org/chalk/-/chalk-1.0.0.tgz",
          "integrity": "sha1-s89O0P9Tl8mcdbj2edsvUoMfltw="
        },
        "has-ansi": {
          "version": "1.0.3",
          "resolved": "https://registry.npmjs.org/has-ansi/-/has-ansi-1.0.3.tgz",
          "integrity": "sha1-wLWxYV2eOCsP9nFp2We0JeSMpTg="
        },
        "strip-ansi": {
          "version": "2.0.1",
          "resolved": "https://registry.npmjs.org/strip-ansi/-/strip-ansi-2.0.1.tgz",
          "integrity": "sha1-32LBqpTtLxFOHQ8h/R1QSCt5pg4="
        },
        "supports-color": {
          "version": "1.3.1",
          "resolved": "https://registry.npmjs.org/supports-color/-/supports-color-1.3.1.tgz",
          "integrity": "sha1-FXWN8J2P87SswwdTn6vicJXhBC0="
        }
      }
    },
    "chalk": {
      "version": "1.1.3",
      "resolved": "https://registry.npmjs.org/chalk/-/chalk-1.1.3.tgz",
      "integrity": "sha1-qBFcVeSnAv5NFQq9OHKCKn4J/Jg=",
      "dev": true
    },
    "chart.js": {
      "version": "2.6.0",
      "resolved": "https://registry.npmjs.org/chart.js/-/chart.js-2.6.0.tgz",
      "integrity": "sha1-MI+aSwv+1aFUwU9d6x2UcNIqvnE="
    },
    "copy-webpack-plugin": {
      "version": "4.0.1",
      "resolved": "https://registry.npmjs.org/copy-webpack-plugin/-/copy-webpack-plugin-4.0.1.tgz",
      "integrity": "sha1-lyjjg7lDFgUNDHRjlY8rhcCqggA=",
      "dev": true,
      "dependencies": {
        "loader-utils": {
          "version": "0.2.17",
          "resolved": "https://registry.npmjs.org/loader-utils/-/loader-utils-0.2.17.tgz",
          "integrity": "sha1-+G5jdNQyBabmxg6RlvF8Apm/s0g="
        }
      }
    },
    "core-util-is": {
      "version": "1.0.2",
      "resolved": "https://registry.npmjs.org/core-util-is/-/core-util-is-1.0.2.tgz",
      "integrity": "sha1-tf1UIgqivFq1eqtxQMlAdUUDwac="
    },
    "cross-env": {
      "version": "5.0.1",
      "resolved": "https://registry.npmjs.org/cross-env/-/cross-env-5.0.1.tgz",
      "integrity": "sha1-/05y6kO0faJIa0On8gQ7JgnkSRM=",
      "dev": true
    },
    "css-loader": {
      "version": "0.28.4",
      "resolved": "https://registry.npmjs.org/css-loader/-/css-loader-0.28.4.tgz",
      "integrity": "sha1-bPNXkZLONV6LONX0Ldeh8uyJjQ8=",
      "dev": true,
      "dependencies": {
        "source-list-map": {
          "version": "0.1.8",
          "resolved": "https://registry.npmjs.org/source-list-map/-/source-list-map-0.1.8.tgz",
          "integrity": "sha1-xVCyq1Qn9rPyH1r+rYjE9Vh7IQY="
        }
      }
    },
    "del": {
      "version": "2.2.2",
      "resolved": "https://registry.npmjs.org/del/-/del-2.2.2.tgz",
      "integrity": "sha1-wSyYHQZ4RshLyvhiz/kw2Qf/0ag=",
      "dev": true
    },
    "devtron": {
      "version": "1.4.0",
      "resolved": "https://registry.npmjs.org/devtron/-/devtron-1.4.0.tgz",
      "integrity": "sha1-tedIvW6Vu+cL/MaKrm/mlhGUQeE=",
      "dev": true
    },
    "electron": {
      "version": "1.7.3",
      "resolved": "https://registry.npmjs.org/electron/-/electron-1.7.3.tgz",
      "integrity": "sha1-g5yrCgWYg1oQDc7t4hWYi6mcMls=",
      "dev": true
    },
    "electron-builder": {
      "version": "18.8.1",
      "resolved": "https://registry.npmjs.org/electron-builder/-/electron-builder-18.8.1.tgz",
      "integrity": "sha512-NpzryxnocKYjGFUrCYYdk3aF0Bq6hEPO14uSo7aYalagVFvMrQh6riVFQixClroX9rcDU+bBbKBSPepEtu55cA==",
      "dev": true,
      "dependencies": {
        "ajv": {
          "version": "5.2.0",
          "resolved": "https://registry.npmjs.org/ajv/-/ajv-5.2.0.tgz",
          "integrity": "sha1-wXNQJMXaLvdcwZBxMHPUTwmL9IY="
        },
        "electron-download-tf": {
          "version": "4.3.1",
          "resolved": "https://registry.npmjs.org/electron-download-tf/-/electron-download-tf-4.3.1.tgz",
          "integrity": "sha1-eTDySgjjZp6q04pffyiKEEYcr3I="
        },
        "esprima": {
          "version": "3.1.3",
          "resolved": "https://registry.npmjs.org/esprima/-/esprima-3.1.3.tgz",
          "integrity": "sha1-/cpRzuYTOJXjyI1TXOSdv/YqRjM="
        },
        "fs-extra": {
          "version": "3.0.1",
          "resolved": "https://registry.npmjs.org/fs-extra/-/fs-extra-3.0.1.tgz",
          "integrity": "sha1-N5TzeMWLNC6n27sjCVEJxLO2IpE="
        },
        "js-yaml": {
          "version": "3.8.4",
          "resolved": "https://registry.npmjs.org/js-yaml/-/js-yaml-3.8.4.tgz",
          "integrity": "sha1-UgtFZPhlc7qWZir4Woyvp7S1pvY="
        },
        "jsonfile": {
          "version": "3.0.0",
          "resolved": "https://registry.npmjs.org/jsonfile/-/jsonfile-3.0.0.tgz",
          "integrity": "sha1-kufHRE5f/V+jLmqa6LhQNN+DR9A="
        },
        "minimist": {
          "version": "1.2.0",
          "resolved": "https://registry.npmjs.org/minimist/-/minimist-1.2.0.tgz",
          "integrity": "sha1-o1AIsg9BOD7sH7kU9M1d95omQoQ="
        },
        "sumchecker": {
          "version": "2.0.2",
          "resolved": "https://registry.npmjs.org/sumchecker/-/sumchecker-2.0.2.tgz",
          "integrity": "sha1-D0LBDl0F2l1C7qPlbDOZo31sWz4="
        }
      }
    },
    "electron-debug": {
      "version": "1.2.0",
      "resolved": "https://registry.npmjs.org/electron-debug/-/electron-debug-1.2.0.tgz",
      "integrity": "sha1-IuUac+G/CV0LtRpsPZeiAzZMQiI=",
      "dev": true,
      "dependencies": {
        "electron-localshortcut": {
          "version": "2.0.2",
          "resolved": "https://registry.npmjs.org/electron-localshortcut/-/electron-localshortcut-2.0.2.tgz",
          "integrity": "sha512-PVPhNwQ7hOPRqGZuK0YTzjAu2gzPOPCDPDU7kzXuuFtNNNAdOdpaXe8XTJW7LOw9JdmT/akrzdGitZ+6xOSnIw=="
        }
      }
    },
    "electron-devtools-installer": {
      "version": "2.2.0",
      "resolved": "https://registry.npmjs.org/electron-devtools-installer/-/electron-devtools-installer-2.2.0.tgz",
      "integrity": "sha1-mBPmgRr81p3co8rlQW23Lqfs+2o=",
      "dev": true
    },
    "electron-rebuild": {
      "version": "1.5.11",
      "resolved": "https://registry.npmjs.org/electron-rebuild/-/electron-rebuild-1.5.11.tgz",
      "integrity": "sha1-bqZg3rVGpRbn76qBzVmF1WZPJFw=",
      "dev": true,
      "dependencies": {
        "camelcase": {
          "version": "3.0.0",
          "resolved": "https://registry.npmjs.org/camelcase/-/camelcase-3.0.0.tgz",
          "integrity": "sha1-MvxLn82vhF/N9+c7uXysImHwqwo="
        },
        "os-locale": {
          "version": "1.4.0",
          "resolved": "https://registry.npmjs.org/os-locale/-/os-locale-1.4.0.tgz",
          "integrity": "sha1-IPnxeuKe00XoveWDsT0gCYA8FNk="
        },
        "which-module": {
          "version": "1.0.0",
          "resolved": "https://registry.npmjs.org/which-module/-/which-module-1.0.0.tgz",
          "integrity": "sha1-u6Y8qGGUiZT/MHc2CJ47lgJsKk8="
        },
        "yargs": {
          "version": "7.1.0",
          "resolved": "https://registry.npmjs.org/yargs/-/yargs-7.1.0.tgz",
          "integrity": "sha1-a6MY6xaWFyf10oT46gA+jWFU0Mg="
        },
        "yargs-parser": {
          "version": "5.0.0",
          "resolved": "https://registry.npmjs.org/yargs-parser/-/yargs-parser-5.0.0.tgz",
          "integrity": "sha1-J17PDX/+Bcd+ZOfIbkzZS/DhIoo="
        }
      }
    },
    "electron-settings": {
      "version": "3.2.0",
      "resolved": "https://registry.npmjs.org/electron-settings/-/electron-settings-3.2.0.tgz",
      "integrity": "sha512-7U+vDKd5Gch4Z9K6FjGq80eB3Anwz2GuPc2h/6hOiuvZrS1w+UNPcAA0oAU8G1s9sWAVEadCsr4ZJR6J4iTdzA==",
      "requires": {
        "clone": "^2.1.1",
        "jsonfile": "^4.0.0"
      },
      "dependencies": {
        "clone": {
          "version": "2.1.2",
          "resolved": "https://registry.npmjs.org/clone/-/clone-2.1.2.tgz",
          "integrity": "sha1-G39Ln1kfHo+DZwQBYANFoCiHQ18="
        },
        "jsonfile": {
          "version": "4.0.0",
          "resolved": "https://registry.npmjs.org/jsonfile/-/jsonfile-4.0.0.tgz",
          "integrity": "sha1-h3Gq4HmbZAdrdmQPygWPnBDjPss=",
          "requires": {
            "graceful-fs": "^4.1.6"
          }
        }
      }
    },
    "eslint": {
      "version": "3.19.0",
      "resolved": "https://registry.npmjs.org/eslint/-/eslint-3.19.0.tgz",
      "integrity": "sha1-yPxiAcf0DdCJQbh8CFdnOGpnmsw=",
      "dev": true,
      "dependencies": {
        "glob": {
          "version": "7.1.2",
          "resolved": "https://registry.npmjs.org/glob/-/glob-7.1.2.tgz",
          "integrity": "sha512-MJTUg1kjuLeQCJ+ccE4Vpa6kKVXkPYJ2mOCQyUuKLcLQsdrMCpBPUi8qVE6+YuaJkozeA9NusTAw3hLr8Xe5EQ=="
        },
        "strip-bom": {
          "version": "3.0.0",
          "resolved": "https://registry.npmjs.org/strip-bom/-/strip-bom-3.0.0.tgz",
          "integrity": "sha1-IzTBjpx1n3vdVv3vfprj1YjmjtM="
        }
      }
    },
    "eslint-config-standard": {
      "version": "10.2.1",
      "resolved": "https://registry.npmjs.org/eslint-config-standard/-/eslint-config-standard-10.2.1.tgz",
      "integrity": "sha1-wGHk0GbzedwXzVYsZOgZtN1FRZE=",
      "dev": true
    },
    "eslint-friendly-formatter": {
      "version": "3.0.0",
      "resolved": "https://registry.npmjs.org/eslint-friendly-formatter/-/eslint-friendly-formatter-3.0.0.tgz",
      "integrity": "sha1-J4h0Q1psRuwdlPoLH/SU4w7wQpA=",
      "dev": true,
      "dependencies": {
        "minimist": {
          "version": "1.2.0",
          "resolved": "https://registry.npmjs.org/minimist/-/minimist-1.2.0.tgz",
          "integrity": "sha1-o1AIsg9BOD7sH7kU9M1d95omQoQ="
        }
      }
    },
    "eslint-loader": {
      "version": "1.8.0",
      "resolved": "https://registry.npmjs.org/eslint-loader/-/eslint-loader-1.8.0.tgz",
      "integrity": "sha512-+d9me9y9t+/k1pY5hsorY685H3yYoQT0t5pZT1TGB7L46VOoLv8+3uKHvkjpUx1aCTjeacbj4yz4s5/LcGolpg==",
      "dev": true
    },
    "eslint-plugin-html": {
      "version": "2.0.3",
      "resolved": "https://registry.npmjs.org/eslint-plugin-html/-/eslint-plugin-html-2.0.3.tgz",
      "integrity": "sha1-fImIOrDIX6XSi2ZqFKTpBqqQuJc=",
      "dev": true
    },
    "eslint-plugin-import": {
      "version": "2.6.0",
      "resolved": "https://registry.npmjs.org/eslint-plugin-import/-/eslint-plugin-import-2.6.0.tgz",
      "integrity": "sha512-JdkYDmMMjhxW6X/IVclD+vQXO6e2nJJT4cKcyTw95mvBCWkr8THXKFhc+WCvGvOscjGuLQzUB7tBeJddrg2jig==",
      "dev": true,
      "dependencies": {
        "doctrine": {
          "version": "1.5.0",
          "resolved": "https://registry.npmjs.org/doctrine/-/doctrine-1.5.0.tgz",
          "integrity": "sha1-N53Ocw9hZvds76TmcHoVmwLFpvo="
        },
        "isarray": {
          "version": "1.0.0",
          "resolved": "https://registry.npmjs.org/isarray/-/isarray-1.0.0.tgz",
          "integrity": "sha1-u5NdSFgsuhaMBoNJV6VKPgcSTxE="
        },
        "load-json-file": {
          "version": "2.0.0",
          "resolved": "https://registry.npmjs.org/load-json-file/-/load-json-file-2.0.0.tgz",
          "integrity": "sha1-eUfkIUmvgNaWy/eXvKq8/h/inKg="
        },
        "path-type": {
          "version": "2.0.0",
          "resolved": "https://registry.npmjs.org/path-type/-/path-type-2.0.0.tgz",
          "integrity": "sha1-8BLMuEFbcJb8LaoQVMPXI4lZTHM="
        },
        "read-pkg": {
          "version": "2.0.0",
          "resolved": "https://registry.npmjs.org/read-pkg/-/read-pkg-2.0.0.tgz",
          "integrity": "sha1-jvHAYjxqbbDcZxPEv6xGMysjaPg="
        },
        "read-pkg-up": {
          "version": "2.0.0",
          "resolved": "https://registry.npmjs.org/read-pkg-up/-/read-pkg-up-2.0.0.tgz",
          "integrity": "sha1-a3KoBImE4MQeeVEP1en6mbO1Sb4="
        },
        "strip-bom": {
          "version": "3.0.0",
          "resolved": "https://registry.npmjs.org/strip-bom/-/strip-bom-3.0.0.tgz",
          "integrity": "sha1-IzTBjpx1n3vdVv3vfprj1YjmjtM="
        }
      }
    },
    "eslint-plugin-node": {
      "version": "4.2.2",
      "resolved": "https://registry.npmjs.org/eslint-plugin-node/-/eslint-plugin-node-4.2.2.tgz",
      "integrity": "sha1-gpWcqa7Xn8vSi7GxiNBcrAT7M2M=",
      "dev": true
    },
    "eslint-plugin-promise": {
      "version": "3.5.0",
      "resolved": "https://registry.npmjs.org/eslint-plugin-promise/-/eslint-plugin-promise-3.5.0.tgz",
      "integrity": "sha1-ePu2/+BHIBYnVp6FpsU3OvKmj8o=",
      "dev": true
    },
    "eslint-plugin-standard": {
      "version": "3.0.1",
      "resolved": "https://registry.npmjs.org/eslint-plugin-standard/-/eslint-plugin-standard-3.0.1.tgz",
      "integrity": "sha1-NNDJFbRe3G8BA5PH7vOCOwhWXPI=",
      "dev": true
    },
    "extract-text-webpack-plugin": {
      "version": "2.1.2",
      "resolved": "https://registry.npmjs.org/extract-text-webpack-plugin/-/extract-text-webpack-plugin-2.1.2.tgz",
      "integrity": "sha1-dW7076gVXDaBgz+8NNpTuUF0bWw=",
      "dev": true,
      "dependencies": {
        "source-list-map": {
          "version": "2.0.0",
          "resolved": "https://registry.npmjs.org/source-list-map/-/source-list-map-2.0.0.tgz",
          "integrity": "sha512-I2UmuJSRr/T8jisiROLU3A3ltr+swpniSmNPI4Ml3ZCX6tVnDsuZzK7F2hl5jTqbZBWCEKlj5HRQiPExXLgE8A=="
        },
        "webpack-sources": {
          "version": "1.0.1",
          "resolved": "https://registry.npmjs.org/webpack-sources/-/webpack-sources-1.0.1.tgz",
          "integrity": "sha512-05tMxipUCwHqYaVS8xc7sYPTly8PzXayRCB4dTxLhWTqlKUiwH6ezmEe0OSreL1c30LAuA3Zqmc+uEBUGFJDjw=="
        }
      }
    },
    "file-loader": {
      "version": "0.11.2",
      "resolved": "https://registry.npmjs.org/file-loader/-/file-loader-0.11.2.tgz",
      "integrity": "sha512-N+uhF3mswIFeziHQjGScJ/yHXYt3DiLBeC+9vWW+WjUBiClMSOlV1YrXQi+7KM2aA3Rn4Bybgv+uXFQbfkzpvg==",
      "dev": true
    },
    "font-awesome": {
      "version": "4.7.0",
      "resolved": "https://registry.npmjs.org/font-awesome/-/font-awesome-4.7.0.tgz",
      "integrity": "sha1-j6jPBBGhoxr9B7BtKQK7n8gVoTM="
    },
    "graceful-fs": {
      "version": "4.1.11",
      "resolved": "https://registry.npmjs.org/graceful-fs/-/graceful-fs-4.1.11.tgz",
      "integrity": "sha1-Dovf5NHduIVNZOBOp8AOKgJuVlg=",
      "optional": true
    },
    "html-webpack-plugin": {
      "version": "2.29.0",
      "resolved": "https://registry.npmjs.org/html-webpack-plugin/-/html-webpack-plugin-2.29.0.tgz",
      "integrity": "sha1-6Yf0IYU9O2k4yMTIFxhC5f0XryM=",
      "dev": true,
      "dependencies": {
        "bluebird": {
          "version": "3.5.0",
          "resolved": "https://registry.npmjs.org/bluebird/-/bluebird-3.5.0.tgz",
          "integrity": "sha1-eRQg1/VR7qKJdFOop3ZT+WYG1nw="
        },
        "loader-utils": {
          "version": "0.2.17",
          "resolved": "https://registry.npmjs.org/loader-utils/-/loader-utils-0.2.17.tgz",
          "integrity": "sha1-+G5jdNQyBabmxg6RlvF8Apm/s0g="
        }
      }
    },
    "inherits": {
      "version": "2.0.3",
      "resolved": "https://registry.npmjs.org/inherits/-/inherits-2.0.3.tgz",
      "integrity": "sha1-Yzwsg+PaQqUC9SRmAiSA9CCCYd4="
    },
    "json-loader": {
      "version": "0.5.4",
      "resolved": "https://registry.npmjs.org/json-loader/-/json-loader-0.5.4.tgz",
      "integrity": "sha1-i6oTZaYy9Yo8RtIBdfxgAsluN94=",
      "dev": true
    },
    "moment": {
      "version": "2.18.1",
      "resolved": "https://registry.npmjs.org/moment/-/moment-2.18.1.tgz",
      "integrity": "sha1-w2GT3Tzhwu7SrbfIAtu8d6gbHA8="
    },
    "multispinner": {
      "version": "0.2.1",
      "resolved": "https://registry.npmjs.org/multispinner/-/multispinner-0.2.1.tgz",
      "integrity": "sha1-wcwQDPxAxpe4oSw6JegVmOzMKfQ=",
      "dev": true
    },
    "mysql": {
      "version": "2.18.1",
      "resolved": "https://registry.npmjs.org/mysql/-/mysql-2.18.1.tgz",
      "integrity": "sha512-Bca+gk2YWmqp2Uf6k5NFEurwY/0td0cpebAucFpY/3jhrwrVGuxU2uQFCHjU19SJfje0yQvi+rVWdq78hR5lig==",
      "requires": {
        "bignumber.js": "9.0.0",
        "readable-stream": "2.3.7",
        "safe-buffer": "5.1.2",
        "sqlstring": "2.3.1"
      },
      "dependencies": {
        "isarray": {
          "version": "1.0.0",
          "resolved": "https://registry.npmjs.org/isarray/-/isarray-1.0.0.tgz",
          "integrity": "sha1-u5NdSFgsuhaMBoNJV6VKPgcSTxE="
        },
        "process-nextick-args": {
          "version": "2.0.1",
          "resolved": "https://registry.npmjs.org/process-nextick-args/-/process-nextick-args-2.0.1.tgz",
          "integrity": "sha512-3ouUOpQhtgrbOa17J7+uxOTpITYWaGP7/AhoR3+A+/1e9skrzelGi/dXzEYyvbxubEF6Wn2ypscTKiKJFFn1ag=="
        },
        "readable-stream": {
          "version": "2.3.7",
          "resolved": "https://registry.npmjs.org/readable-stream/-/readable-stream-2.3.7.tgz",
          "integrity": "sha512-Ebho8K4jIbHAxnuxi7o42OrZgF/ZTNcsZj6nRKyUmkhLFq8CHItp/fy6hQZuZmP/n3yZ9VBUbp4zz/mX8hmYPw==",
          "requires": {
            "core-util-is": "~1.0.0",
            "inherits": "~2.0.3",
            "isarray": "~1.0.0",
            "process-nextick-args": "~2.0.0",
            "safe-buffer": "~5.1.1",
            "string_decoder": "~1.1.1",
            "util-deprecate": "~1.0.1"
          }
        },
        "safe-buffer": {
          "version": "5.1.2",
          "resolved": "https://registry.npmjs.org/safe-buffer/-/safe-buffer-5.1.2.tgz",
          "integrity": "sha512-Gd2UZBJDkXlY7GbJxfsE8/nvKkUEU1G38c1siN6QP6a9PT9MmHB8GnpscSmMJSoF8LOIrt8ud/wPtojys4G6+g=="
        },
        "string_decoder": {
          "version": "1.1.1",
          "resolved": "https://registry.npmjs.org/string_decoder/-/string_decoder-1.1.1.tgz",
          "integrity": "sha512-n/ShnvDi6FHbbVfviro+WojiFzv+s8MPMHBczVePfUpDJLwoLT0ht1l4YwBCbi8pJAveEEdnkHyPyTP/mzRfwg==",
          "requires": {
            "safe-buffer": "~5.1.0"
          }
        }
      }
    },
    "node-sass": {
      "version": "4.5.3",
      "resolved": "https://registry.npmjs.org/node-sass/-/node-sass-4.5.3.tgz",
      "integrity": "sha1-0JydEXlkEjnRuX/8YjH9zsU+FWg=",
      "dev": true,
      "dependencies": {
        "cross-spawn": {
          "version": "3.0.1",
          "resolved": "https://registry.npmjs.org/cross-spawn/-/cross-spawn-3.0.1.tgz",
          "integrity": "sha1-ElYDfsufDF9549bvE14wdwGEuYI="
        },
        "glob": {
          "version": "7.1.2",
          "resolved": "https://registry.npmjs.org/glob/-/glob-7.1.2.tgz",
          "integrity": "sha512-MJTUg1kjuLeQCJ+ccE4Vpa6kKVXkPYJ2mOCQyUuKLcLQsdrMCpBPUi8qVE6+YuaJkozeA9NusTAw3hLr8Xe5EQ=="
        },
        "lodash.clonedeep": {
          "version": "4.5.0",
          "resolved": "https://registry.npmjs.org/lodash.clonedeep/-/lodash.clonedeep-4.5.0.tgz",
          "integrity": "sha1-4j8/nE+Pvd6HJSnBBxhXoIblzO8="
        }
      }
    },
    "perfect-scrollbar": {
      "version": "0.8.1",
      "resolved": "https://registry.npmjs.org/perfect-scrollbar/-/perfect-scrollbar-0.8.1.tgz",
      "integrity": "sha512-RNC5tX/JMRYR+qVdJTEAWnRxw0Yf9lvbO8lTuAOvgDODkiA8lveTSkvrNMhmaGKEyimJpJl+myb/syVS9YyPuw=="
    },
    "promise-mysql": {
      "version": "3.3.2",
      "resolved": "https://registry.npmjs.org/promise-mysql/-/promise-mysql-3.3.2.tgz",
      "integrity": "sha512-b0Ew/FB33JXKdIEtExs9GuPTtTD29ABrIMSJlzakSL8AuiM+yLXIshc9lOY28+M3bNNXGNPllTWM/gDQ9FM+7g==",
      "requires": {
        "@types/bluebird": "^3.5.26",
        "@types/mysql": "^2.15.2",
        "bluebird": "^3.5.0",
        "mysql": "^2.17.1"
      },
      "dependencies": {
        "bluebird": {
          "version": "3.7.2",
          "resolved": "https://registry.npmjs.org/bluebird/-/bluebird-3.7.2.tgz",
          "integrity": "sha512-XpNj6GDQzdfW+r2Wnn7xiSAd7TM3jzkxGXBGTtWKuSXv1xUV+azxAm8jdWZN06QTQk+2N2XB9jRDkvbmQmcRtg=="
        }
      }
    },
    "sass-loader": {
      "version": "6.0.6",
      "resolved": "https://registry.npmjs.org/sass-loader/-/sass-loader-6.0.6.tgz",
      "integrity": "sha512-c3/Zc+iW+qqDip6kXPYLEgsAu2lf4xz0EZDplB7EmSUMda12U1sGJPetH55B/j9eu0bTtKzKlNPWWyYC7wFNyQ==",
      "dev": true,
      "dependencies": {
        "pify": {
          "version": "3.0.0",
          "resolved": "https://registry.npmjs.org/pify/-/pify-3.0.0.tgz",
          "integrity": "sha1-5aSs0sEB/fPZpNB/DbxNtJ3SgXY="
        }
      }
    },
    "sqlstring": {
      "version": "2.3.1",
      "resolved": "https://registry.npmjs.org/sqlstring/-/sqlstring-2.3.1.tgz",
      "integrity": "sha1-R1OT/56RR5rqYtyvDKPRSYOn+0A="
    },
    "style-loader": {
      "version": "0.18.2",
      "resolved": "https://registry.npmjs.org/style-loader/-/style-loader-0.18.2.tgz",
      "integrity": "sha512-WPpJPZGUxWYHWIUMNNOYqql7zh85zGmr84FdTVWq52WTIkqlW9xSxD3QYWi/T31cqn9UNSsietVEgGn2aaSCzw==",
      "dev": true
    },
    "url-loader": {
      "version": "0.5.9",
      "resolved": "https://registry.npmjs.org/url-loader/-/url-loader-0.5.9.tgz",
      "integrity": "sha512-B7QYFyvv+fOBqBVeefsxv6koWWtjmHaMFT6KZWti4KRw8YUD/hOU+3AECvXuzyVawIBx3z7zQRejXCDSO5kk1Q==",
      "dev": true
    },
    "util-deprecate": {
      "version": "1.0.2",
      "resolved": "https://registry.npmjs.org/util-deprecate/-/util-deprecate-1.0.2.tgz",
      "integrity": "sha1-RQ1Nyfpw3nMnYvvS1KKJgUGaDM8="
    },
    "vue": {
      "version": "2.3.4",
      "resolved": "https://registry.npmjs.org/vue/-/vue-2.3.4.tgz",
      "integrity": "sha512-oLCxuVcVQ2inwSbS7B+zfjB6CSjgQ0yyCOzPcg7S5CXeOCbtkaiN5frR6MtwvrveqbG86OsGd9jWf6JsGyQkLw=="
    },
    "vue-chartjs": {
      "version": "2.6.5",
      "resolved": "https://registry.npmjs.org/vue-chartjs/-/vue-chartjs-2.6.5.tgz",
      "integrity": "sha512-M5dmil+KE5J4B/uzovfhEBePFJ2E/9dXU2snpKoapmv00u/QdViidHd/JeHzgjWRXUETGAWVlr4PVyQ9Rt54ag=="
    },
    "vue-context-menu": {
      "version": "2.0.6",
      "resolved": "https://registry.npmjs.org/vue-context-menu/-/vue-context-menu-2.0.6.tgz",
      "integrity": "sha512-wTyyjWbrGq/Rc1iivHl9ryI0IcsodRgg46CAGCm6knADDsTj5qJzo2pPDfi6y2nQreg8llJC2lGGts88tMX1sQ=="
    },
    "vue-electron": {
      "version": "1.0.6",
      "resolved": "https://registry.npmjs.org/vue-electron/-/vue-electron-1.0.6.tgz",
      "integrity": "sha1-55jgMYC4kzU53v4x+S5TuSQrlAY="
    },
    "vue-html-loader": {
      "version": "1.2.4",
      "resolved": "https://registry.npmjs.org/vue-html-loader/-/vue-html-loader-1.2.4.tgz",
      "integrity": "sha1-VM5Im+BgZckdwqEXMSLz4ATgolM=",
      "dev": true,
      "dependencies": {
        "async": {
          "version": "0.2.10",
          "resolved": "https://registry.npmjs.org/async/-/async-0.2.10.tgz",
          "integrity": "sha1-trvgsGdLnXGXCMo43owjfLUmw9E="
        },
        "camelcase": {
          "version": "1.2.1",
          "resolved": "https://registry.npmjs.org/camelcase/-/camelcase-1.2.1.tgz",
          "integrity": "sha1-m7UwTS4LVmmLLHWLCKPqqdqlijk="
        },
        "clean-css": {
          "version": "3.4.27",
          "resolved": "https://registry.npmjs.org/clean-css/-/clean-css-3.4.27.tgz",
          "integrity": "sha1-re91sxwWD/pdcvTeZ5ZuJmDBolU=",
          "dependencies": {
            "commander": {
              "version": "2.8.1",
              "resolved": "https://registry.npmjs.org/commander/-/commander-2.8.1.tgz",
              "integrity": "sha1-Br42f+v9oMMwqh4qBy09yXYkJdQ="
            }
          }
        },
        "cliui": {
          "version": "2.1.0",
          "resolved": "https://registry.npmjs.org/cliui/-/cliui-2.1.0.tgz",
          "integrity": "sha1-S0dXYP+AJkx2LDoXGQMukcf+oNE="
        },
        "html-minifier": {
          "version": "2.1.7",
          "resolved": "https://registry.npmjs.org/html-minifier/-/html-minifier-2.1.7.tgz",
          "integrity": "sha1-kFHW/LvPIU7TB+GtdPQyu5rWVcw="
        },
        "source-map": {
          "version": "0.4.4",
          "resolved": "https://registry.npmjs.org/source-map/-/source-map-0.4.4.tgz",
          "integrity": "sha1-66T12pwNyZneaAMti092FzZSA2s="
        },
        "uglify-js": {
          "version": "2.6.4",
          "resolved": "https://registry.npmjs.org/uglify-js/-/uglify-js-2.6.4.tgz",
          "integrity": "sha1-ZeovswWck5RpLxX+2HwrNsFrmt8=",
          "dependencies": {
            "source-map": {
              "version": "0.5.6",
              "resolved": "https://registry.npmjs.org/source-map/-/source-map-0.5.6.tgz",
              "integrity": "sha1-dc449SvwczxafwwRjYEzSiu19BI="
            }
          }
        },
        "window-size": {
          "version": "0.1.0",
          "resolved": "https://registry.npmjs.org/window-size/-/window-size-0.1.0.tgz",
          "integrity": "sha1-VDjNLqk7IC76Ohn+iIeu58lPnJ0="
        },
        "wordwrap": {
          "version": "0.0.2",
          "resolved": "https://registry.npmjs.org/wordwrap/-/wordwrap-0.0.2.tgz",
          "integrity": "sha1-t5Zpu0LstAn4PVg8rVLKF+qhZD8="
        },
        "yargs": {
          "version": "3.10.0",
          "resolved": "https://registry.npmjs.org/yargs/-/yargs-3.10.0.tgz",
          "integrity": "sha1-9+572FfdfB0tOMDnTvvWgdFDH9E="
        }
      }
    },
    "vue-loader": {
      "version": "12.2.1",
      "resolved": "https://registry.npmjs.org/vue-loader/-/vue-loader-12.2.1.tgz",
      "integrity": "sha1-U/J8CXPThnaPWnUVb0Epte/GulU=",
      "dev": true
    },
    "vue-materialize-datatable": {
      "version": "0.6.9",
      "resolved": "https://registry.npmjs.org/vue-materialize-datatable/-/vue-materialize-datatable-0.6.9.tgz",
      "integrity": "sha512-w9wqhpDrFqcvHt0Y6By7n6dyHcccQpFMgZD2EpxsdqeOSQ0wifkyzsa2+w1PzWN4RzWtQpQMX1SNzDqiwX8NWQ==",
      "dependencies": {
        "vue": {
          "version": "1.0.28",
          "resolved": "https://registry.npmjs.org/vue/-/vue-1.0.28.tgz",
          "integrity": "sha1-7S/weyAL3hXIepDvhyfO6n04Vn0="
        }
      }
    },
    "vue-perfect-scrollbar": {
      "version": "0.0.12",
      "resolved": "https://registry.npmjs.org/vue-perfect-scrollbar/-/vue-perfect-scrollbar-0.0.12.tgz",
      "integrity": "sha1-rwcjG78TTrteq0Az0ROO4ElnLnw="
    },
    "vue-router": {
      "version": "2.6.0",
      "resolved": "https://registry.npmjs.org/vue-router/-/vue-router-2.6.0.tgz",
      "integrity": "sha512-V9VynDSnJL1+2UPltjDUq0qhBDp8Xt2k5L19+8XjoNHZp15c3GweEDepP+yq3ebX/KCY6sLaHlSt40I6Hvmy3g=="
    },
    "vue-style-loader": {
      "version": "3.0.1",
      "resolved": "https://registry.npmjs.org/vue-style-loader/-/vue-style-loader-3.0.1.tgz",
      "integrity": "sha1-yLY5uy8kuvnXgnTcF+TyZMHe2gg=",
      "dev": true
    },
    "vue-sweetalert": {
      "version": "0.1.17",
      "resolved": "https://registry.npmjs.org/vue-sweetalert/-/vue-sweetalert-0.1.17.tgz",
      "integrity": "sha1-meYO4I1yd2YLRENY6r8YUAG3Uh4="
    },
    "vue-template-compiler": {
      "version": "2.3.4",
      "resolved": "https://registry.npmjs.org/vue-template-compiler/-/vue-template-compiler-2.3.4.tgz",
      "integrity": "sha512-GezvHn6bw053zIo0TQIjimRpyELjCEOrc5hGHtHUeadbVSdKB9yqY6By9WiYvbFwOZiuMmFpSfjD8VzVibWGtQ==",
      "dev": true
    },
    "webpack": {
      "version": "2.6.1",
      "resolved": "https://registry.npmjs.org/webpack/-/webpack-2.6.1.tgz",
      "integrity": "sha1-LgRX8KuxrF3zqxBsacZy8jZ4Xwc=",
      "dev": true,
      "dependencies": {
        "ajv-keywords": {
          "version": "1.5.1",
          "resolved": "https://registry.npmjs.org/ajv-keywords/-/ajv-keywords-1.5.1.tgz",
          "integrity": "sha1-MU3QpLM2j609/NxU7eYXG4htrzw="
        },
        "camelcase": {
          "version": "1.2.1",
          "resolved": "https://registry.npmjs.org/camelcase/-/camelcase-1.2.1.tgz",
          "integrity": "sha1-m7UwTS4LVmmLLHWLCKPqqdqlijk="
        },
        "cliui": {
          "version": "2.1.0",
          "resolved": "https://registry.npmjs.org/cliui/-/cliui-2.1.0.tgz",
          "integrity": "sha1-S0dXYP+AJkx2LDoXGQMukcf+oNE="
        },
        "loader-utils": {
          "version": "0.2.17",
          "resolved": "https://registry.npmjs.org/loader-utils/-/loader-utils-0.2.17.tgz",
          "integrity": "sha1-+G5jdNQyBabmxg6RlvF8Apm/s0g="
        },
        "os-locale": {
          "version": "1.4.0",
          "resolved": "https://registry.npmjs.org/os-locale/-/os-locale-1.4.0.tgz",
          "integrity": "sha1-IPnxeuKe00XoveWDsT0gCYA8FNk="
        },
        "supports-color": {
          "version": "3.2.3",
          "resolved": "https://registry.npmjs.org/supports-color/-/supports-color-3.2.3.tgz",
          "integrity": "sha1-ZawFBLOVQXHYpklGsq48u4pfVPY="
        },
        "uglify-js": {
          "version": "2.8.29",
          "resolved": "https://registry.npmjs.org/uglify-js/-/uglify-js-2.8.29.tgz",
          "integrity": "sha1-KcVzMUgFe7Th913zW3qcty5qWd0=",
          "dependencies": {
            "yargs": {
              "version": "3.10.0",
              "resolved": "https://registry.npmjs.org/yargs/-/yargs-3.10.0.tgz",
              "integrity": "sha1-9+572FfdfB0tOMDnTvvWgdFDH9E="
            }
          }
        },
        "which-module": {
          "version": "1.0.0",
          "resolved": "https://registry.npmjs.org/which-module/-/which-module-1.0.0.tgz",
          "integrity": "sha1-u6Y8qGGUiZT/MHc2CJ47lgJsKk8="
        },
        "window-size": {
          "version": "0.1.0",
          "resolved": "https://registry.npmjs.org/window-size/-/window-size-0.1.0.tgz",
          "integrity": "sha1-VDjNLqk7IC76Ohn+iIeu58lPnJ0="
        },
        "wordwrap": {
          "version": "0.0.2",
          "resolved": "https://registry.npmjs.org/wordwrap/-/wordwrap-0.0.2.tgz",
          "integrity": "sha1-t5Zpu0LstAn4PVg8rVLKF+qhZD8="
        },
        "yargs": {
          "version": "6.6.0",
          "resolved": "https://registry.npmjs.org/yargs/-/yargs-6.6.0.tgz",
          "integrity": "sha1-eC7CHvQDNF+DCoCMo9UTr1YGUgg=",
          "dependencies": {
            "camelcase": {
              "version": "3.0.0",
              "resolved": "https://registry.npmjs.org/camelcase/-/camelcase-3.0.0.tgz",
              "integrity": "sha1-MvxLn82vhF/N9+c7uXysImHwqwo="
            },
            "cliui": {
              "version": "3.2.0",
              "resolved": "https://registry.npmjs.org/cliui/-/cliui-3.2.0.tgz",
              "integrity": "sha1-EgYBU3qRbSmUD5NNo7SNWFo5IT0="
            }
          }
        },
        "yargs-parser": {
          "version": "4.2.1",
          "resolved": "https://registry.npmjs.org/yargs-parser/-/yargs-parser-4.2.1.tgz",
          "integrity": "sha1-KczqwNxPA8bIe0qfIX3RjJ90hxw=",
          "dependencies": {
            "camelcase": {
              "version": "3.0.0",
              "resolved": "https://registry.npmjs.org/camelcase/-/camelcase-3.0.0.tgz",
              "integrity": "sha1-MvxLn82vhF/N9+c7uXysImHwqwo="
            }
          }
        }
      }
    },
    "webpack-dev-server": {
      "version": "2.5.0",
      "resolved": "https://registry.npmjs.org/webpack-dev-server/-/webpack-dev-server-2.5.0.tgz",
      "integrity": "sha1-TTanKLA7iyr6SO0wJCiEfOooQK0=",
      "dev": true,
      "dependencies": {
        "camelcase": {
          "version": "3.0.0",
          "resolved": "https://registry.npmjs.org/camelcase/-/camelcase-3.0.0.tgz",
          "integrity": "sha1-MvxLn82vhF/N9+c7uXysImHwqwo="
        },
        "del": {
          "version": "3.0.0",
          "resolved": "https://registry.npmjs.org/del/-/del-3.0.0.tgz",
          "integrity": "sha1-U+z2mf/LyzljdpGrE7rxYIGXZuU="
        },
        "glob": {
          "version": "7.1.2",
          "resolved": "https://registry.npmjs.org/glob/-/glob-7.1.2.tgz",
          "integrity": "sha512-MJTUg1kjuLeQCJ+ccE4Vpa6kKVXkPYJ2mOCQyUuKLcLQsdrMCpBPUi8qVE6+YuaJkozeA9NusTAw3hLr8Xe5EQ=="
        },
        "globby": {
          "version": "6.1.0",
          "resolved": "https://registry.npmjs.org/globby/-/globby-6.1.0.tgz",
          "integrity": "sha1-9abXDoOV4hyFj7BInWTfAkJNUGw=",
          "dependencies": {
            "pify": {
              "version": "2.3.0",
              "resolved": "https://registry.npmjs.org/pify/-/pify-2.3.0.tgz",
              "integrity": "sha1-7RQaasBDqEnqWISY59yosVMw6Qw="
            }
          }
        },
        "os-locale": {
          "version": "1.4.0",
          "resolved": "https://registry.npmjs.org/os-locale/-/os-locale-1.4.0.tgz",
          "integrity": "sha1-IPnxeuKe00XoveWDsT0gCYA8FNk="
        },
        "pify": {
          "version": "3.0.0",
          "resolved": "https://registry.npmjs.org/pify/-/pify-3.0.0.tgz",
          "integrity": "sha1-5aSs0sEB/fPZpNB/DbxNtJ3SgXY="
        },
        "supports-color": {
          "version": "3.2.3",
          "resolved": "https://registry.npmjs.org/supports-color/-/supports-color-3.2.3.tgz",
          "integrity": "sha1-ZawFBLOVQXHYpklGsq48u4pfVPY="
        },
        "which-module": {
          "version": "1.0.0",
          "resolved": "https://registry.npmjs.org/which-module/-/which-module-1.0.0.tgz",
          "integrity": "sha1-u6Y8qGGUiZT/MHc2CJ47lgJsKk8="
        },
        "yargs": {
          "version": "6.6.0",
          "resolved": "https://registry.npmjs.org/yargs/-/yargs-6.6.0.tgz",
          "integrity": "sha1-eC7CHvQDNF+DCoCMo9UTr1YGUgg="
        },
        "yargs-parser": {
          "version": "4.2.1",
          "resolved": "https://registry.npmjs.org/yargs-parser/-/yargs-parser-4.2.1.tgz",
          "integrity": "sha1-KczqwNxPA8bIe0qfIX3RjJ90hxw="
        }
      }
    },
    "webpack-hot-middleware": {
      "version": "2.18.0",
      "resolved": "https://registry.npmjs.org/webpack-hot-middleware/-/webpack-hot-middleware-2.18.0.tgz",
      "integrity": "sha1-oWu1Nbg6aslKeKxevOTzBZ6CdNM=",
      "dev": true
    }
  }
}
